
Microsoft Visual Studio Solution File, Format Version 12.00
# Visual Studio Version 17
VisualStudioVersion = 17.9.34714.143
MinimumVisualStudioVersion = 10.0.40219.1
Project("{9A19103F-16F7-4668-BE54-9A1E7A4F7556}") = "M335-Quizlet", "M335-Quizlet.csproj", "{AFB1E473-B3B9-46D5-9666-CF87B46A3AF0}"
EndProject
Project("{FAE04EC0-301F-11D3-BF4B-00C04F79EFBC}") = "M335-QuizletLib", "..\M335-QuizletLib\M335-QuizletLib.csproj", "{C881886C-8429-4CEA-ADE5-0F2E5251AE7F}"
EndProject
Project("{FAE04EC0-301F-11D3-BF4B-00C04F79EFBC}") = "M335-QuizletLibTests", "..\M335-QuizletLibTests\M335-QuizletLibTests.csproj", "{2C98DB7E-C0A6-4882-8578-F04A25B40B28}"
EndProject
Global
	GlobalSection(SolutionConfigurationPlatforms) = preSolution
		Debug|Any CPU = Debug|Any CPU
		Release|Any CPU = Release|Any CPU
	EndGlobalSection
	GlobalSection(ProjectConfigurationPlatforms) = postSolution
		{AFB1E473-B3B9-46D5-9666-CF87B46A3AF0}.Debug|Any CPU.ActiveCfg = Debug|Any CPU
		{AFB1E473-B3B9-46D5-9666-CF87B46A3AF0}.Debug|Any CPU.Build.0 = Debug|Any CPU
		{AFB1E473-B3B9-46D5-9666-CF87B46A3AF0}.Debug|Any CPU.Deploy.0 = Debug|Any CPU
		{AFB1E473-B3B9-46D5-9666-CF87B46A3AF0}.Release|Any CPU.ActiveCfg = Release|Any CPU
		{AFB1E473-B3B9-46D5-9666-CF87B46A3AF0}.Release|Any CPU.Build.0 = Release|Any CPU
		{AFB1E473-B3B9-46D5-9666-CF87B46A3AF0}.Release|Any CPU.Deploy.0 = Release|Any CPU
		{C881886C-8429-4CEA-ADE5-0F2E5251AE7F}.Debug|Any CPU.ActiveCfg = Debug|Any CPU
		{C881886C-8429-4CEA-ADE5-0F2E5251AE7F}.Debug|Any CPU.Build.0 = Debug|Any CPU
		{C881886C-8429-4CEA-ADE5-0F2E5251AE7F}.Release|Any CPU.ActiveCfg = Release|Any CPU
		{C881886C-8429-4CEA-ADE5-0F2E5251AE7F}.Release|Any CPU.Build.0 = Release|Any CPU
		{2C98DB7E-C0A6-4882-8578-F04A25B40B28}.Debug|Any CPU.ActiveCfg = Debug|Any CPU
		{2C98DB7E-C0A6-4882-8578-F04A25B40B28}.Debug|Any CPU.Build.0 = Debug|Any CPU
		{2C98DB7E-C0A6-4882-8578-F04A25B40B28}.Release|Any CPU.ActiveCfg = Release|Any CPU
		{2C98DB7E-C0A6-4882-8578-F04A25B40B28}.Release|Any CPU.Build.0 = Release|Any CPU
	EndGlobalSection
	GlobalSection(SolutionProperties) = preSolution
		HideSolutionNode = FALSE
	EndGlobalSection
	GlobalSection(ExtensibilityGlobals) = postSolution
		SolutionGuid = {E39128EC-42EF-463A-A9FD-4F4CFF2A5D60}
	EndGlobalSection
EndGlobal
