
Microsoft Visual Studio Solution File, Format Version 12.00
# Visual Studio Version 17
VisualStudioVersion = 17.9.34714.143
MinimumVisualStudioVersion = 10.0.40219.1
Project("{FAE04EC0-301F-11D3-BF4B-00C04F79EFBC}") = "M335_Quizlet", "M335_Quizlet.csproj", "{AF08EB84-579C-447F-AA49-5EB743EC11E5}"
EndProject
Global
	GlobalSection(SolutionConfigurationPlatforms) = preSolution
		Debug|Any CPU = Debug|Any CPU
		Release|Any CPU = Release|Any CPU
	EndGlobalSection
	GlobalSection(ProjectConfigurationPlatforms) = postSolution
		{AF08EB84-579C-447F-AA49-5EB743EC11E5}.Debug|Any CPU.ActiveCfg = Debug|Any CPU
		{AF08EB84-579C-447F-AA49-5EB743EC11E5}.Debug|Any CPU.Build.0 = Debug|Any CPU
		{AF08EB84-579C-447F-AA49-5EB743EC11E5}.Debug|Any CPU.Deploy.0 = Debug|Any CPU
		{AF08EB84-579C-447F-AA49-5EB743EC11E5}.Release|Any CPU.ActiveCfg = Release|Any CPU
		{AF08EB84-579C-447F-AA49-5EB743EC11E5}.Release|Any CPU.Build.0 = Release|Any CPU
		{AF08EB84-579C-447F-AA49-5EB743EC11E5}.Release|Any CPU.Deploy.0 = Release|Any CPU
	EndGlobalSection
	GlobalSection(SolutionProperties) = preSolution
		HideSolutionNode = FALSE
	EndGlobalSection
	GlobalSection(ExtensibilityGlobals) = postSolution
		SolutionGuid = {F4DA551F-467F-4925-A1A9-AA3A640D31F4}
	EndGlobalSection
EndGlobal
